{
  "nodes": {
    "nixpkgs": {
      "locked": {
        "lastModified": 1691807049,
        "narHash": "sha256-LEvnZFLkyiJUBWfu8FGYhlW0iFXau99pt0d1rR5XGXQ=",
        "owner": "nixos",
        "repo": "nixpkgs",
        "rev": "e35d8c2b1b0b3ae614b246f66ad0a914ceae4e72",
        "type": "github"
      },
      "original": {
        "owner": "nixos",
        "repo": "nixpkgs",
        "type": "github"
      }
    },
    "root": {
      "inputs": {
        "nixpkgs": "nixpkgs"
      }
    }
  },
  "root": "root",
  "version": 7
}
